// !$*UTF8*$!
{
	archiveVersion = 1;
	classes = {
	};
	objectVersion = 46;
	objects = {

/* Begin PBXBuildFile section */
		5C4657331B46E33F001AB85F /* DJRefresh.bundle in Resources */ = {isa = PBXBuildFile; fileRef = 5C4657281B46E33F001AB85F /* DJRefresh.bundle */; };
		5C4657341B46E33F001AB85F /* DJRefresh.m in Sources */ = {isa = PBXBuildFile; fileRef = 5C46572A1B46E33F001AB85F /* DJRefresh.m */; };
		5C4657351B46E33F001AB85F /* DJRefreshBottomView.m in Sources */ = {isa = PBXBuildFile; fileRef = 5C46572D1B46E33F001AB85F /* DJRefreshBottomView.m */; };
		5C4657361B46E33F001AB85F /* DJRefreshTopView.m in Sources */ = {isa = PBXBuildFile; fileRef = 5C4657301B46E33F001AB85F /* DJRefreshTopView.m */; };
		5C4657371B46E33F001AB85F /* DJRefreshView.m in Sources */ = {isa = PBXBuildFile; fileRef = 5C4657321B46E33F001AB85F /* DJRefreshView.m */; };
		5CB0E61B1B3B03580029691D /* SampleViewController.m in Sources */ = {isa = PBXBuildFile; fileRef = 5CB0E61A1B3B03580029691D /* SampleViewController.m */; };
		5CB0E6231B3B06D60029691D /* pull_loading@2x.png in Resources */ = {isa = PBXBuildFile; fileRef = 5CB0E61D1B3B06D60029691D /* pull_loading@2x.png */; };
		5CB0E6241B3B06D60029691D /* pull_loading@3x.png in Resources */ = {isa = PBXBuildFile; fileRef = 5CB0E61E1B3B06D60029691D /* pull_loading@3x.png */; };
		5CB0E6251B3B06D60029691D /* pull_refresh@2x.png in Resources */ = {isa = PBXBuildFile; fileRef = 5CB0E61F1B3B06D60029691D /* pull_refresh@2x.png */; };
		5CB0E6261B3B06D60029691D /* pull_refresh@3x.png in Resources */ = {isa = PBXBuildFile; fileRef = 5CB0E6201B3B06D60029691D /* pull_refresh@3x.png */; };
		5CB0E6271B3B06D60029691D /* SampleRefreshView.m in Sources */ = {isa = PBXBuildFile; fileRef = 5CB0E6221B3B06D60029691D /* SampleRefreshView.m */; };
		5CB0E62A1B3B0AEF0029691D /* TableViewController.m in Sources */ = {isa = PBXBuildFile; fileRef = 5CB0E6291B3B0AEF0029691D /* TableViewController.m */; };
		5CB0E62D1B3B14120029691D /* CollectionViewController.m in Sources */ = {isa = PBXBuildFile; fileRef = 5CB0E62C1B3B14120029691D /* CollectionViewController.m */; };
		5CB0E6301B3B170F0029691D /* WebViewController.m in Sources */ = {isa = PBXBuildFile; fileRef = 5CB0E62F1B3B170F0029691D /* WebViewController.m */; };
		5CCB0DE71B3AFD980046536B /* main.m in Sources */ = {isa = PBXBuildFile; fileRef = 5CCB0DE61B3AFD980046536B /* main.m */; };
		5CCB0DEA1B3AFD980046536B /* AppDelegate.m in Sources */ = {isa = PBXBuildFile; fileRef = 5CCB0DE91B3AFD980046536B /* AppDelegate.m */; };
		5CCB0DF01B3AFD980046536B /* Main.storyboard in Resources */ = {isa = PBXBuildFile; fileRef = 5CCB0DEE1B3AFD980046536B /* Main.storyboard */; };
		5CCB0DF21B3AFD980046536B /* Images.xcassets in Resources */ = {isa = PBXBuildFile; fileRef = 5CCB0DF11B3AFD980046536B /* Images.xcassets */; };
		5CCB0DF51B3AFD980046536B /* LaunchScreen.xib in Resources */ = {isa = PBXBuildFile; fileRef = 5CCB0DF31B3AFD980046536B /* LaunchScreen.xib */; };
/* End PBXBuildFile section */

/* Begin PBXFileReference section */
		5C4657281B46E33F001AB85F /* DJRefresh.bundle */ = {isa = PBXFileReference; lastKnownFileType = "wrapper.plug-in"; path = DJRefresh.bundle; sourceTree = "<group>"; };
		5C4657291B46E33F001AB85F /* DJRefresh.h */ = {isa = PBXFileReference; fileEncoding = 4; lastKnownFileType = sourcecode.c.h; path = DJRefresh.h; sourceTree = "<group>"; };
		5C46572A1B46E33F001AB85F /* DJRefresh.m */ = {isa = PBXFileReference; fileEncoding = 4; lastKnownFileType = sourcecode.c.objc; path = DJRefresh.m; sourceTree = "<group>"; };
		5C46572C1B46E33F001AB85F /* DJRefreshBottomView.h */ = {isa = PBXFileReference; fileEncoding = 4; lastKnownFileType = sourcecode.c.h; path = DJRefreshBottomView.h; sourceTree = "<group>"; };
		5C46572D1B46E33F001AB85F /* DJRefreshBottomView.m */ = {isa = PBXFileReference; fileEncoding = 4; lastKnownFileType = sourcecode.c.objc; path = DJRefreshBottomView.m; sourceTree = "<group>"; };
		5C46572E1B46E33F001AB85F /* DJRefreshMacro.h */ = {isa = PBXFileReference; fileEncoding = 4; lastKnownFileType = sourcecode.c.h; path = DJRefreshMacro.h; sourceTree = "<group>"; };
		5C46572F1B46E33F001AB85F /* DJRefreshTopView.h */ = {isa = PBXFileReference; fileEncoding = 4; lastKnownFileType = sourcecode.c.h; path = DJRefreshTopView.h; sourceTree = "<group>"; };
		5C4657301B46E33F001AB85F /* DJRefreshTopView.m */ = {isa = PBXFileReference; fileEncoding = 4; lastKnownFileType = sourcecode.c.objc; path = DJRefreshTopView.m; sourceTree = "<group>"; };
		5C4657311B46E33F001AB85F /* DJRefreshView.h */ = {isa = PBXFileReference; fileEncoding = 4; lastKnownFileType = sourcecode.c.h; path = DJRefreshView.h; sourceTree = "<group>"; };
		5C4657321B46E33F001AB85F /* DJRefreshView.m */ = {isa = PBXFileReference; fileEncoding = 4; lastKnownFileType = sourcecode.c.objc; path = DJRefreshView.m; sourceTree = "<group>"; };
		5CB0E6191B3B03580029691D /* SampleViewController.h */ = {isa = PBXFileReference; fileEncoding = 4; lastKnownFileType = sourcecode.c.h; path = SampleViewController.h; sourceTree = "<group>"; };
		5CB0E61A1B3B03580029691D /* SampleViewController.m */ = {isa = PBXFileReference; fileEncoding = 4; lastKnownFileType = sourcecode.c.objc; path = SampleViewController.m; sourceTree = "<group>"; };
		5CB0E61D1B3B06D60029691D /* pull_loading@2x.png */ = {isa = PBXFileReference; lastKnownFileType = image.png; path = "pull_loading@2x.png"; sourceTree = "<group>"; };
		5CB0E61E1B3B06D60029691D /* pull_loading@3x.png */ = {isa = PBXFileReference; lastKnownFileType = image.png; path = "pull_loading@3x.png"; sourceTree = "<group>"; };
		5CB0E61F1B3B06D60029691D /* pull_refresh@2x.png */ = {isa = PBXFileReference; lastKnownFileType = image.png; path = "pull_refresh@2x.png"; sourceTree = "<group>"; };
		5CB0E6201B3B06D60029691D /* pull_refresh@3x.png */ = {isa = PBXFileReference; lastKnownFileType = image.png; path = "pull_refresh@3x.png"; sourceTree = "<group>"; };
		5CB0E6211B3B06D60029691D /* SampleRefreshView.h */ = {isa = PBXFileReference; fileEncoding = 4; lastKnownFileType = sourcecode.c.h; path = SampleRefreshView.h; sourceTree = "<group>"; };
		5CB0E6221B3B06D60029691D /* SampleRefreshView.m */ = {isa = PBXFileReference; fileEncoding = 4; lastKnownFileType = sourcecode.c.objc; path = SampleRefreshView.m; sourceTree = "<group>"; };
		5CB0E6281B3B0AEF0029691D /* TableViewController.h */ = {isa = PBXFileReference; fileEncoding = 4; lastKnownFileType = sourcecode.c.h; path = TableViewController.h; sourceTree = "<group>"; };
		5CB0E6291B3B0AEF0029691D /* TableViewController.m */ = {isa = PBXFileReference; fileEncoding = 4; lastKnownFileType = sourcecode.c.objc; path = TableViewController.m; sourceTree = "<group>"; };
		5CB0E62B1B3B14120029691D /* CollectionViewController.h */ = {isa = PBXFileReference; fileEncoding = 4; lastKnownFileType = sourcecode.c.h; path = CollectionViewController.h; sourceTree = "<group>"; };
		5CB0E62C1B3B14120029691D /* CollectionViewController.m */ = {isa = PBXFileReference; fileEncoding = 4; lastKnownFileType = sourcecode.c.objc; path = CollectionViewController.m; sourceTree = "<group>"; };
		5CB0E62E1B3B170F0029691D /* WebViewController.h */ = {isa = PBXFileReference; fileEncoding = 4; lastKnownFileType = sourcecode.c.h; path = WebViewController.h; sourceTree = "<group>"; };
		5CB0E62F1B3B170F0029691D /* WebViewController.m */ = {isa = PBXFileReference; fileEncoding = 4; lastKnownFileType = sourcecode.c.objc; path = WebViewController.m; sourceTree = "<group>"; };
		5CCB0DE11B3AFD980046536B /* DJRefreshSample.app */ = {isa = PBXFileReference; explicitFileType = wrapper.application; includeInIndex = 0; path = DJRefreshSample.app; sourceTree = BUILT_PRODUCTS_DIR; };
		5CCB0DE51B3AFD980046536B /* Info.plist */ = {isa = PBXFileReference; lastKnownFileType = text.plist.xml; path = Info.plist; sourceTree = "<group>"; };
		5CCB0DE61B3AFD980046536B /* main.m */ = {isa = PBXFileReference; lastKnownFileType = sourcecode.c.objc; path = main.m; sourceTree = "<group>"; };
		5CCB0DE81B3AFD980046536B /* AppDelegate.h */ = {isa = PBXFileReference; lastKnownFileType = sourcecode.c.h; path = AppDelegate.h; sourceTree = "<group>"; };
		5CCB0DE91B3AFD980046536B /* AppDelegate.m */ = {isa = PBXFileReference; lastKnownFileType = sourcecode.c.objc; path = AppDelegate.m; sourceTree = "<group>"; };
		5CCB0DEF1B3AFD980046536B /* Base */ = {isa = PBXFileReference; lastKnownFileType = file.storyboard; name = Base; path = Base.lproj/Main.storyboard; sourceTree = "<group>"; };
		5CCB0DF11B3AFD980046536B /* Images.xcassets */ = {isa = PBXFileReference; lastKnownFileType = folder.assetcatalog; path = Images.xcassets; sourceTree = "<group>"; };
		5CCB0DF41B3AFD980046536B /* Base */ = {isa = PBXFileReference; lastKnownFileType = file.xib; name = Base; path = Base.lproj/LaunchScreen.xib; sourceTree = "<group>"; };
/* End PBXFileReference section */

/* Begin PBXFrameworksBuildPhase section */
		5CCB0DDE1B3AFD980046536B /* Frameworks */ = {
			isa = PBXFrameworksBuildPhase;
			buildActionMask = 2147483647;
			files = (
			);
			runOnlyForDeploymentPostprocessing = 0;
		};
/* End PBXFrameworksBuildPhase section */

/* Begin PBXGroup section */
		5C4657271B46E33F001AB85F /* DJRefresh */ = {
			isa = PBXGroup;
			children = (
				5C4657291B46E33F001AB85F /* DJRefresh.h */,
				5C46572A1B46E33F001AB85F /* DJRefresh.m */,
				5C4657281B46E33F001AB85F /* DJRefresh.bundle */,
				5C46572B1B46E33F001AB85F /* DJRefreshView */,
			);
			name = DJRefresh;
			path = ../../DJRefresh;
			sourceTree = "<group>";
		};
		5C46572B1B46E33F001AB85F /* DJRefreshView */ = {
			isa = PBXGroup;
			children = (
				5C46572C1B46E33F001AB85F /* DJRefreshBottomView.h */,
				5C46572D1B46E33F001AB85F /* DJRefreshBottomView.m */,
				5C46572E1B46E33F001AB85F /* DJRefreshMacro.h */,
				5C46572F1B46E33F001AB85F /* DJRefreshTopView.h */,
				5C4657301B46E33F001AB85F /* DJRefreshTopView.m */,
				5C4657311B46E33F001AB85F /* DJRefreshView.h */,
				5C4657321B46E33F001AB85F /* DJRefreshView.m */,
			);
			path = DJRefreshView;
			sourceTree = "<group>";
		};
		5CB0E61C1B3B06D60029691D /* CustomRefreshView */ = {
			isa = PBXGroup;
			children = (
				5CB0E61D1B3B06D60029691D /* pull_loading@2x.png */,
				5CB0E61E1B3B06D60029691D /* pull_loading@3x.png */,
				5CB0E61F1B3B06D60029691D /* pull_refresh@2x.png */,
				5CB0E6201B3B06D60029691D /* pull_refresh@3x.png */,
				5CB0E6211B3B06D60029691D /* SampleRefreshView.h */,
				5CB0E6221B3B06D60029691D /* SampleRefreshView.m */,
			);
			path = CustomRefreshView;
			sourceTree = "<group>";
		};
		5CB0E6311B3B19D30029691D /* Controllers */ = {
			isa = PBXGroup;
			children = (
				5CB0E6281B3B0AEF0029691D /* TableViewController.h */,
				5CB0E6291B3B0AEF0029691D /* TableViewController.m */,
				5CB0E62B1B3B14120029691D /* CollectionViewController.h */,
				5CB0E62C1B3B14120029691D /* CollectionViewController.m */,
				5CB0E62E1B3B170F0029691D /* WebViewController.h */,
				5CB0E62F1B3B170F0029691D /* WebViewController.m */,
			);
			name = Controllers;
			sourceTree = "<group>";
		};
		5CCB0DD81B3AFD980046536B = {
			isa = PBXGroup;
			children = (
				5CCB0DE31B3AFD980046536B /* DJRefreshSample */,
				5CCB0DE21B3AFD980046536B /* Products */,
			);
			sourceTree = "<group>";
		};
		5CCB0DE21B3AFD980046536B /* Products */ = {
			isa = PBXGroup;
			children = (
				5CCB0DE11B3AFD980046536B /* DJRefreshSample.app */,
			);
			name = Products;
			sourceTree = "<group>";
		};
		5CCB0DE31B3AFD980046536B /* DJRefreshSample */ = {
			isa = PBXGroup;
			children = (
				5C4657271B46E33F001AB85F /* DJRefresh */,
				5CB0E61C1B3B06D60029691D /* CustomRefreshView */,
				5CCB0DE81B3AFD980046536B /* AppDelegate.h */,
				5CCB0DE91B3AFD980046536B /* AppDelegate.m */,
				5CB0E6191B3B03580029691D /* SampleViewController.h */,
				5CB0E61A1B3B03580029691D /* SampleViewController.m */,
				5CB0E6311B3B19D30029691D /* Controllers */,
				5CCB0DEE1B3AFD980046536B /* Main.storyboard */,
				5CCB0DF11B3AFD980046536B /* Images.xcassets */,
				5CCB0DF31B3AFD980046536B /* LaunchScreen.xib */,
				5CCB0DE41B3AFD980046536B /* Supporting Files */,
			);
			path = DJRefreshSample;
			sourceTree = "<group>";
		};
		5CCB0DE41B3AFD980046536B /* Supporting Files */ = {
			isa = PBXGroup;
			children = (
				5CCB0DE51B3AFD980046536B /* Info.plist */,
				5CCB0DE61B3AFD980046536B /* main.m */,
			);
			name = "Supporting Files";
			sourceTree = "<group>";
		};
/* End PBXGroup section */

/* Begin PBXNativeTarget section */
		5CCB0DE01B3AFD980046536B /* DJRefreshSample */ = {
			isa = PBXNativeTarget;
			buildConfigurationList = 5CCB0E041B3AFD990046536B /* Build configuration list for PBXNativeTarget "DJRefreshSample" */;
			buildPhases = (
				5CCB0DDD1B3AFD980046536B /* Sources */,
				5CCB0DDE1B3AFD980046536B /* Frameworks */,
				5CCB0DDF1B3AFD980046536B /* Resources */,
			);
			buildRules = (
			);
			dependencies = (
			);
			name = DJRefreshSample;
			productName = DJRefreshSample;
			productReference = 5CCB0DE11B3AFD980046536B /* DJRefreshSample.app */;
			productType = "com.apple.product-type.application";
		};
/* End PBXNativeTarget section */

/* Begin PBXProject section */
		5CCB0DD91B3AFD980046536B /* Project object */ = {
			isa = PBXProject;
			attributes = {
				LastUpgradeCheck = 0630;
				ORGANIZATIONNAME = ydj;
				TargetAttributes = {
					5CCB0DE01B3AFD980046536B = {
						CreatedOnToolsVersion = 6.3.2;
					};
				};
			};
			buildConfigurationList = 5CCB0DDC1B3AFD980046536B /* Build configuration list for PBXProject "DJRefreshSample" */;
			compatibilityVersion = "Xcode 3.2";
			developmentRegion = English;
			hasScannedForEncodings = 0;
			knownRegions = (
				en,
				Base,
			);
			mainGroup = 5CCB0DD81B3AFD980046536B;
			productRefGroup = 5CCB0DE21B3AFD980046536B /* Products */;
			projectDirPath = "";
			projectRoot = "";
			targets = (
				5CCB0DE01B3AFD980046536B /* DJRefreshSample */,
			);
		};
/* End PBXProject section */

/* Begin PBXResourcesBuildPhase section */
		5CCB0DDF1B3AFD980046536B /* Resources */ = {
			isa = PBXResourcesBuildPhase;
			buildActionMask = 2147483647;
			files = (
				5CCB0DF01B3AFD980046536B /* Main.storyboard in Resources */,
				5CB0E6251B3B06D60029691D /* pull_refresh@2x.png in Resources */,
				5CB0E6231B3B06D60029691D /* pull_loading@2x.png in Resources */,
				5CB0E6261B3B06D60029691D /* pull_refresh@3x.png in Resources */,
				5CCB0DF51B3AFD980046536B /* LaunchScreen.xib in Resources */,
				5C4657331B46E33F001AB85F /* DJRefresh.bundle in Resources */,
				5CCB0DF21B3AFD980046536B /* Images.xcassets in Resources */,
				5CB0E6241B3B06D60029691D /* pull_loading@3x.png in Resources */,
			);
			runOnlyForDeploymentPostprocessing = 0;
		};
/* End PBXResourcesBuildPhase section */

/* Begin PBXSourcesBuildPhase section */
		5CCB0DDD1B3AFD980046536B /* Sources */ = {
			isa = PBXSourcesBuildPhase;
			buildActionMask = 2147483647;
			files = (
				5C4657361B46E33F001AB85F /* DJRefreshTopView.m in Sources */,
				5C4657351B46E33F001AB85F /* DJRefreshBottomView.m in Sources */,
				5CB0E6301B3B170F0029691D /* WebViewController.m in Sources */,
				5CB0E6271B3B06D60029691D /* SampleRefreshView.m in Sources */,
				5CB0E61B1B3B03580029691D /* SampleViewController.m in Sources */,
				5C4657341B46E33F001AB85F /* DJRefresh.m in Sources */,
				5CB0E62A1B3B0AEF0029691D /* TableViewController.m in Sources */,
				5CCB0DEA1B3AFD980046536B /* AppDelegate.m in Sources */,
				5CCB0DE71B3AFD980046536B /* main.m in Sources */,
				5C4657371B46E33F001AB85F /* DJRefreshView.m in Sources */,
				5CB0E62D1B3B14120029691D /* CollectionViewController.m in Sources */,
			);
			runOnlyForDeploymentPostprocessing = 0;
		};
/* End PBXSourcesBuildPhase section */

/* Begin PBXVariantGroup section */
		5CCB0DEE1B3AFD980046536B /* Main.storyboard */ = {
			isa = PBXVariantGroup;
			children = (
				5CCB0DEF1B3AFD980046536B /* Base */,
			);
			name = Main.storyboard;
			sourceTree = "<group>";
		};
		5CCB0DF31B3AFD980046536B /* LaunchScreen.xib */ = {
			isa = PBXVariantGroup;
			children = (
				5CCB0DF41B3AFD980046536B /* Base */,
			);
			name = LaunchScreen.xib;
			sourceTree = "<group>";
		};
/* End PBXVariantGroup section */

/* Begin XCBuildConfiguration section */
		5CCB0E021B3AFD990046536B /* Debug */ = {
			isa = XCBuildConfiguration;
			buildSettings = {
				ALWAYS_SEARCH_USER_PATHS = NO;
				CLANG_CXX_LANGUAGE_STANDARD = "gnu++0x";
				CLANG_CXX_LIBRARY = "libc++";
				CLANG_ENABLE_MODULES = YES;
				CLANG_ENABLE_OBJC_ARC = YES;
				CLANG_WARN_BOOL_CONVERSION = YES;
				CLANG_WARN_CONSTANT_CONVERSION = YES;
				CLANG_WARN_DIRECT_OBJC_ISA_USAGE = YES_ERROR;
				CLANG_WARN_EMPTY_BODY = YES;
				CLANG_WARN_ENUM_CONVERSION = YES;
				CLANG_WARN_INT_CONVERSION = YES;
				CLANG_WARN_OBJC_ROOT_CLASS = YES_ERROR;
				CLANG_WARN_UNREACHABLE_CODE = YES;
				CLANG_WARN__DUPLICATE_METHOD_MATCH = YES;
				"CODE_SIGN_IDENTITY[sdk=iphoneos*]" = "iPhone Developer";
				COPY_PHASE_STRIP = NO;
				DEBUG_INFORMATION_FORMAT = "dwarf-with-dsym";
				ENABLE_STRICT_OBJC_MSGSEND = YES;
				GCC_C_LANGUAGE_STANDARD = gnu99;
				GCC_DYNAMIC_NO_PIC = NO;
				GCC_NO_COMMON_BLOCKS = YES;
				GCC_OPTIMIZATION_LEVEL = 0;
				GCC_PREPROCESSOR_DEFINITIONS = (
					"DEBUG=1",
					"$(inherited)",
				);
				GCC_SYMBOLS_PRIVATE_EXTERN = NO;
				GCC_WARN_64_TO_32_BIT_CONVERSION = YES;
				GCC_WARN_ABOUT_RETURN_TYPE = YES_ERROR;
				GCC_WARN_UNDECLARED_SELECTOR = YES;
				GCC_WARN_UNINITIALIZED_AUTOS = YES_AGGRESSIVE;
				GCC_WARN_UNUSED_FUNCTION = YES;
				GCC_WARN_UNUSED_VARIABLE = YES;
				IPHONEOS_DEPLOYMENT_TARGET = 7.1;
				MTL_ENABLE_DEBUG_INFO = YES;
				ONLY_ACTIVE_ARCH = YES;
				SDKROOT = iphoneos;
			};
			name = Debug;
		};
		5CCB0E031B3AFD990046536B /* Release */ = {
			isa = XCBuildConfiguration;
			buildSettings = {
				ALWAYS_SEARCH_USER_PATHS = NO;
				CLANG_CXX_LANGUAGE_STANDARD = "gnu++0x";
				CLANG_CXX_LIBRARY = "libc++";
				CLANG_ENABLE_MODULES = YES;
				CLANG_ENABLE_OBJC_ARC = YES;
				CLANG_WARN_BOOL_CONVERSION = YES;
				CLANG_WARN_CONSTANT_CONVERSION = YES;
				CLANG_WARN_DIRECT_OBJC_ISA_USAGE = YES_ERROR;
				CLANG_WARN_EMPTY_BODY = YES;
				CLANG_WARN_ENUM_CONVERSION = YES;
				CLANG_WARN_INT_CONVERSION = YES;
				CLANG_WARN_OBJC_ROOT_CLASS = YES_ERROR;
				CLANG_WARN_UNREACHABLE_CODE = YES;
				CLANG_WARN__DUPLICATE_METHOD_MATCH = YES;
				"CODE_SIGN_IDENTITY[sdk=iphoneos*]" = "iPhone Developer";
				COPY_PHASE_STRIP = NO;
				DEBUG_INFORMATION_FORMAT = "dwarf-with-dsym";
				ENABLE_NS_ASSERTIONS = NO;
				ENABLE_STRICT_OBJC_MSGSEND = YES;
				GCC_C_LANGUAGE_STANDARD = gnu99;
				GCC_NO_COMMON_BLOCKS = YES;
				GCC_WARN_64_TO_32_BIT_CONVERSION = YES;
				GCC_WARN_ABOUT_RETURN_TYPE = YES_ERROR;
				GCC_WARN_UNDECLARED_SELECTOR = YES;
				GCC_WARN_UNINITIALIZED_AUTOS = YES_AGGRESSIVE;
				GCC_WARN_UNUSED_FUNCTION = YES;
				GCC_WARN_UNUSED_VARIABLE = YES;
				IPHONEOS_DEPLOYMENT_TARGET = 7.1;
				MTL_ENABLE_DEBUG_INFO = NO;
				SDKROOT = iphoneos;
				VALIDATE_PRODUCT = YES;
			};
			name = Release;
		};
		5CCB0E051B3AFD990046536B /* Debug */ = {
			isa = XCBuildConfiguration;
			buildSettings = {
				ASSETCATALOG_COMPILER_APPICON_NAME = AppIcon;
				INFOPLIST_FILE = DJRefreshSample/Info.plist;
				LD_RUNPATH_SEARCH_PATHS = "$(inherited) @executable_path/Frameworks";
				PRODUCT_NAME = "$(TARGET_NAME)";
			};
			name = Debug;
		};
		5CCB0E061B3AFD990046536B /* Release */ = {
			isa = XCBuildConfiguration;
			buildSettings = {
				ASSETCATALOG_COMPILER_APPICON_NAME = AppIcon;
				INFOPLIST_FILE = DJRefreshSample/Info.plist;
				LD_RUNPATH_SEARCH_PATHS = "$(inherited) @executable_path/Frameworks";
				PRODUCT_NAME = "$(TARGET_NAME)";
			};
			name = Release;
		};
/* End XCBuildConfiguration section */

/* Begin XCConfigurationList section */
		5CCB0DDC1B3AFD980046536B /* Build configuration list for PBXProject "DJRefreshSample" */ = {
			isa = XCConfigurationList;
			buildConfigurations = (
				5CCB0E021B3AFD990046536B /* Debug */,
				5CCB0E031B3AFD990046536B /* Release */,
			);
			defaultConfigurationIsVisible = 0;
			defaultConfigurationName = Release;
		};
		5CCB0E041B3AFD990046536B /* Build configuration list for PBXNativeTarget "DJRefreshSample" */ = {
			isa = XCConfigurationList;
			buildConfigurations = (
				5CCB0E051B3AFD990046536B /* Debug */,
				5CCB0E061B3AFD990046536B /* Release */,
			);
			defaultConfigurationIsVisible = 0;
			defaultConfigurationName = Release;
		};
/* End XCConfigurationList section */
	};
	rootObject = 5CCB0DD91B3AFD980046536B /* Project object */;
}
