// !$*UTF8*$!
{
	archiveVersion = 1;
	classes = {
	};
	objectVersion = 46;
	objects = {

/* Begin PBXBuildFile section */
		5C19D81F1A09BB9A009A7E13 /* InfoPlist.strings in Resources */ = {isa = PBXBuildFile; fileRef = 5C19D8211A09BB9A009A7E13 /* InfoPlist.strings */; };
		5C2A9A091A07105900AD13F3 /* main.m in Sources */ = {isa = PBXBuildFile; fileRef = 5C2A9A081A07105900AD13F3 /* main.m */; };
		5C2A9A0C1A07105900AD13F3 /* AppDelegate.m in Sources */ = {isa = PBXBuildFile; fileRef = 5C2A9A0B1A07105900AD13F3 /* AppDelegate.m */; };
		5C2A9A0F1A07105900AD13F3 /* ViewController.m in Sources */ = {isa = PBXBuildFile; fileRef = 5C2A9A0E1A07105900AD13F3 /* ViewController.m */; };
		5C2A9A121A07105900AD13F3 /* Main.storyboard in Resources */ = {isa = PBXBuildFile; fileRef = 5C2A9A101A07105900AD13F3 /* Main.storyboard */; };
		5C2A9A141A07105900AD13F3 /* Images.xcassets in Resources */ = {isa = PBXBuildFile; fileRef = 5C2A9A131A07105900AD13F3 /* Images.xcassets */; };
		5C3A5ABB1A08C70F00871916 /* CollectionViewController.m in Sources */ = {isa = PBXBuildFile; fileRef = 5C3A5ABA1A08C70F00871916 /* CollectionViewController.m */; };
		5C6266541A1E3BA6006608B3 /* pull_loading@3x.png in Resources */ = {isa = PBXBuildFile; fileRef = 5C6266531A1E3BA6006608B3 /* pull_loading@3x.png */; };
		5C6FCF7E1A1C4ADD00569D94 /* pull_loading@2x.png in Resources */ = {isa = PBXBuildFile; fileRef = 5C6FCF7B1A1C4ADD00569D94 /* pull_loading@2x.png */; };
		5C6FCF7F1A1C4ADD00569D94 /* RefreshView.m in Sources */ = {isa = PBXBuildFile; fileRef = 5C6FCF7D1A1C4ADD00569D94 /* RefreshView.m */; };
		5C88CFF71A2C185B00BAA8E1 /* WebViewViewController.m in Sources */ = {isa = PBXBuildFile; fileRef = 5C88CFF51A2C185B00BAA8E1 /* WebViewViewController.m */; };
		5CC52FDF1A0B0D48000E7E12 /* TableViewController.m in Sources */ = {isa = PBXBuildFile; fileRef = 5CC52FDE1A0B0D48000E7E12 /* TableViewController.m */; };
		5CDE77161B2688FD009F63C2 /* SearchViewController.m in Sources */ = {isa = PBXBuildFile; fileRef = 5CDE77151B2688FD009F63C2 /* SearchViewController.m */; };
		5CE2A3771A3FE1AB00C4B509 /* RefreshControl.m in Sources */ = {isa = PBXBuildFile; fileRef = 5CE2A36E1A3FE1AB00C4B509 /* RefreshControl.m */; };
		5CE2A3781A3FE1AB00C4B509 /* pull_refresh@2x.png in Resources */ = {isa = PBXBuildFile; fileRef = 5CE2A3701A3FE1AB00C4B509 /* pull_refresh@2x.png */; };
		5CE2A3791A3FE1AB00C4B509 /* pull_refresh@3x.png in Resources */ = {isa = PBXBuildFile; fileRef = 5CE2A3711A3FE1AB00C4B509 /* pull_refresh@3x.png */; };
		5CE2A37A1A3FE1AB00C4B509 /* RefreshBottomView.m in Sources */ = {isa = PBXBuildFile; fileRef = 5CE2A3731A3FE1AB00C4B509 /* RefreshBottomView.m */; };
		5CE2A37B1A3FE1AB00C4B509 /* RefreshTopView.m in Sources */ = {isa = PBXBuildFile; fileRef = 5CE2A3751A3FE1AB00C4B509 /* RefreshTopView.m */; };
		5CFD28A81B25AE01007BCD60 /* SearchTableViewController.m in Sources */ = {isa = PBXBuildFile; fileRef = 5CFD28A71B25AE01007BCD60 /* SearchTableViewController.m */; };
/* End PBXBuildFile section */

/* Begin PBXFileReference section */
		5C19D8221A09BB9C009A7E13 /* en */ = {isa = PBXFileReference; lastKnownFileType = text.plist.strings; name = en; path = en.lproj/InfoPlist.strings; sourceTree = "<group>"; };
		5C2A9A031A07105900AD13F3 /* PullRefreshControl.app */ = {isa = PBXFileReference; explicitFileType = wrapper.application; includeInIndex = 0; path = PullRefreshControl.app; sourceTree = BUILT_PRODUCTS_DIR; };
		5C2A9A071A07105900AD13F3 /* Info.plist */ = {isa = PBXFileReference; lastKnownFileType = text.plist.xml; path = Info.plist; sourceTree = "<group>"; };
		5C2A9A081A07105900AD13F3 /* main.m */ = {isa = PBXFileReference; lastKnownFileType = sourcecode.c.objc; path = main.m; sourceTree = "<group>"; };
		5C2A9A0A1A07105900AD13F3 /* AppDelegate.h */ = {isa = PBXFileReference; lastKnownFileType = sourcecode.c.h; path = AppDelegate.h; sourceTree = "<group>"; };
		5C2A9A0B1A07105900AD13F3 /* AppDelegate.m */ = {isa = PBXFileReference; lastKnownFileType = sourcecode.c.objc; path = AppDelegate.m; sourceTree = "<group>"; };
		5C2A9A0D1A07105900AD13F3 /* ViewController.h */ = {isa = PBXFileReference; lastKnownFileType = sourcecode.c.h; path = ViewController.h; sourceTree = "<group>"; };
		5C2A9A0E1A07105900AD13F3 /* ViewController.m */ = {isa = PBXFileReference; lastKnownFileType = sourcecode.c.objc; path = ViewController.m; sourceTree = "<group>"; };
		5C2A9A131A07105900AD13F3 /* Images.xcassets */ = {isa = PBXFileReference; lastKnownFileType = folder.assetcatalog; path = Images.xcassets; sourceTree = "<group>"; };
		5C3A5AB91A08C70F00871916 /* CollectionViewController.h */ = {isa = PBXFileReference; fileEncoding = 4; lastKnownFileType = sourcecode.c.h; path = CollectionViewController.h; sourceTree = "<group>"; };
		5C3A5ABA1A08C70F00871916 /* CollectionViewController.m */ = {isa = PBXFileReference; fileEncoding = 4; lastKnownFileType = sourcecode.c.objc; path = CollectionViewController.m; sourceTree = "<group>"; };
		5C485C0E1A09CD5500B3E089 /* en */ = {isa = PBXFileReference; lastKnownFileType = file.storyboard; name = en; path = en.lproj/Main.storyboard; sourceTree = "<group>"; };
		5C6266531A1E3BA6006608B3 /* pull_loading@3x.png */ = {isa = PBXFileReference; lastKnownFileType = image.png; path = "pull_loading@3x.png"; sourceTree = "<group>"; };
		5C6FCF7B1A1C4ADD00569D94 /* pull_loading@2x.png */ = {isa = PBXFileReference; lastKnownFileType = image.png; path = "pull_loading@2x.png"; sourceTree = "<group>"; };
		5C6FCF7C1A1C4ADD00569D94 /* RefreshView.h */ = {isa = PBXFileReference; fileEncoding = 4; lastKnownFileType = sourcecode.c.h; path = RefreshView.h; sourceTree = "<group>"; };
		5C6FCF7D1A1C4ADD00569D94 /* RefreshView.m */ = {isa = PBXFileReference; fileEncoding = 4; lastKnownFileType = sourcecode.c.objc; path = RefreshView.m; sourceTree = "<group>"; };
		5C88CFF51A2C185B00BAA8E1 /* WebViewViewController.m */ = {isa = PBXFileReference; fileEncoding = 4; lastKnownFileType = sourcecode.c.objc; path = WebViewViewController.m; sourceTree = "<group>"; };
		5C88CFF61A2C185B00BAA8E1 /* WebViewViewController.h */ = {isa = PBXFileReference; fileEncoding = 4; lastKnownFileType = sourcecode.c.h; path = WebViewViewController.h; sourceTree = "<group>"; };
		5CC52FDD1A0B0D48000E7E12 /* TableViewController.h */ = {isa = PBXFileReference; fileEncoding = 4; lastKnownFileType = sourcecode.c.h; path = TableViewController.h; sourceTree = "<group>"; };
		5CC52FDE1A0B0D48000E7E12 /* TableViewController.m */ = {isa = PBXFileReference; fileEncoding = 4; lastKnownFileType = sourcecode.c.objc; path = TableViewController.m; sourceTree = "<group>"; };
		5CDE77141B2688FD009F63C2 /* SearchViewController.h */ = {isa = PBXFileReference; fileEncoding = 4; lastKnownFileType = sourcecode.c.h; path = SearchViewController.h; sourceTree = "<group>"; };
		5CDE77151B2688FD009F63C2 /* SearchViewController.m */ = {isa = PBXFileReference; fileEncoding = 4; lastKnownFileType = sourcecode.c.objc; path = SearchViewController.m; sourceTree = "<group>"; };
		5CE2A36D1A3FE1AB00C4B509 /* RefreshControl.h */ = {isa = PBXFileReference; fileEncoding = 4; lastKnownFileType = sourcecode.c.h; path = RefreshControl.h; sourceTree = "<group>"; };
		5CE2A36E1A3FE1AB00C4B509 /* RefreshControl.m */ = {isa = PBXFileReference; fileEncoding = 4; lastKnownFileType = sourcecode.c.objc; path = RefreshControl.m; sourceTree = "<group>"; };
		5CE2A3701A3FE1AB00C4B509 /* pull_refresh@2x.png */ = {isa = PBXFileReference; lastKnownFileType = image.png; path = "pull_refresh@2x.png"; sourceTree = "<group>"; };
		5CE2A3711A3FE1AB00C4B509 /* pull_refresh@3x.png */ = {isa = PBXFileReference; lastKnownFileType = image.png; path = "pull_refresh@3x.png"; sourceTree = "<group>"; };
		5CE2A3721A3FE1AB00C4B509 /* RefreshBottomView.h */ = {isa = PBXFileReference; fileEncoding = 4; lastKnownFileType = sourcecode.c.h; path = RefreshBottomView.h; sourceTree = "<group>"; };
		5CE2A3731A3FE1AB00C4B509 /* RefreshBottomView.m */ = {isa = PBXFileReference; fileEncoding = 4; lastKnownFileType = sourcecode.c.objc; path = RefreshBottomView.m; sourceTree = "<group>"; };
		5CE2A3741A3FE1AB00C4B509 /* RefreshTopView.h */ = {isa = PBXFileReference; fileEncoding = 4; lastKnownFileType = sourcecode.c.h; path = RefreshTopView.h; sourceTree = "<group>"; };
		5CE2A3751A3FE1AB00C4B509 /* RefreshTopView.m */ = {isa = PBXFileReference; fileEncoding = 4; lastKnownFileType = sourcecode.c.objc; path = RefreshTopView.m; sourceTree = "<group>"; };
		5CE2A3761A3FE1AB00C4B509 /* RefreshViewDelegate.h */ = {isa = PBXFileReference; fileEncoding = 4; lastKnownFileType = sourcecode.c.h; path = RefreshViewDelegate.h; sourceTree = "<group>"; };
		5CFD28A61B25AE01007BCD60 /* SearchTableViewController.h */ = {isa = PBXFileReference; fileEncoding = 4; lastKnownFileType = sourcecode.c.h; path = SearchTableViewController.h; sourceTree = "<group>"; };
		5CFD28A71B25AE01007BCD60 /* SearchTableViewController.m */ = {isa = PBXFileReference; fileEncoding = 4; lastKnownFileType = sourcecode.c.objc; path = SearchTableViewController.m; sourceTree = "<group>"; };
/* End PBXFileReference section */

/* Begin PBXFrameworksBuildPhase section */
		5C2A9A001A07105900AD13F3 /* Frameworks */ = {
			isa = PBXFrameworksBuildPhase;
			buildActionMask = 2147483647;
			files = (
			);
			runOnlyForDeploymentPostprocessing = 0;
		};
/* End PBXFrameworksBuildPhase section */

/* Begin PBXGroup section */
		5C2A99FA1A07105900AD13F3 = {
			isa = PBXGroup;
			children = (
				5C2A9A051A07105900AD13F3 /* PullRefreshControl */,
				5C2A9A041A07105900AD13F3 /* Products */,
			);
			sourceTree = "<group>";
		};
		5C2A9A041A07105900AD13F3 /* Products */ = {
			isa = PBXGroup;
			children = (
				5C2A9A031A07105900AD13F3 /* PullRefreshControl.app */,
			);
			name = Products;
			sourceTree = "<group>";
		};
		5C2A9A051A07105900AD13F3 /* PullRefreshControl */ = {
			isa = PBXGroup;
			children = (
				5CE2A36C1A3FE1AB00C4B509 /* RefreshControl */,
				5C6FCF7A1A1C4ADD00569D94 /* CustomRefreshView */,
				5C2A9A0A1A07105900AD13F3 /* AppDelegate.h */,
				5C2A9A0B1A07105900AD13F3 /* AppDelegate.m */,
				5C2A9A0D1A07105900AD13F3 /* ViewController.h */,
				5C2A9A0E1A07105900AD13F3 /* ViewController.m */,
				5C3A5AB91A08C70F00871916 /* CollectionViewController.h */,
				5C3A5ABA1A08C70F00871916 /* CollectionViewController.m */,
				5CC52FDD1A0B0D48000E7E12 /* TableViewController.h */,
				5CC52FDE1A0B0D48000E7E12 /* TableViewController.m */,
				5C88CFF61A2C185B00BAA8E1 /* WebViewViewController.h */,
				5C88CFF51A2C185B00BAA8E1 /* WebViewViewController.m */,
				5CFD28A61B25AE01007BCD60 /* SearchTableViewController.h */,
				5CFD28A71B25AE01007BCD60 /* SearchTableViewController.m */,
				5CDE77141B2688FD009F63C2 /* SearchViewController.h */,
				5CDE77151B2688FD009F63C2 /* SearchViewController.m */,
				5C19D8211A09BB9A009A7E13 /* InfoPlist.strings */,
				5C2A9A101A07105900AD13F3 /* Main.storyboard */,
				5C2A9A131A07105900AD13F3 /* Images.xcassets */,
				5C2A9A061A07105900AD13F3 /* Supporting Files */,
			);
			path = PullRefreshControl;
			sourceTree = "<group>";
		};
		5C2A9A061A07105900AD13F3 /* Supporting Files */ = {
			isa = PBXGroup;
			children = (
				5C2A9A071A07105900AD13F3 /* Info.plist */,
				5C2A9A081A07105900AD13F3 /* main.m */,
			);
			name = "Supporting Files";
			sourceTree = "<group>";
		};
		5C6FCF7A1A1C4ADD00569D94 /* CustomRefreshView */ = {
			isa = PBXGroup;
			children = (
				5C6266531A1E3BA6006608B3 /* pull_loading@3x.png */,
				5C6FCF7B1A1C4ADD00569D94 /* pull_loading@2x.png */,
				5C6FCF7C1A1C4ADD00569D94 /* RefreshView.h */,
				5C6FCF7D1A1C4ADD00569D94 /* RefreshView.m */,
			);
			path = CustomRefreshView;
			sourceTree = "<group>";
		};
		5CE2A36C1A3FE1AB00C4B509 /* RefreshControl */ = {
			isa = PBXGroup;
			children = (
				5CE2A36D1A3FE1AB00C4B509 /* RefreshControl.h */,
				5CE2A36E1A3FE1AB00C4B509 /* RefreshControl.m */,
				5CE2A36F1A3FE1AB00C4B509 /* RefreshView */,
			);
			path = RefreshControl;
			sourceTree = SOURCE_ROOT;
		};
		5CE2A36F1A3FE1AB00C4B509 /* RefreshView */ = {
			isa = PBXGroup;
			children = (
				5CE2A3701A3FE1AB00C4B509 /* pull_refresh@2x.png */,
				5CE2A3711A3FE1AB00C4B509 /* pull_refresh@3x.png */,
				5CE2A3721A3FE1AB00C4B509 /* RefreshBottomView.h */,
				5CE2A3731A3FE1AB00C4B509 /* RefreshBottomView.m */,
				5CE2A3741A3FE1AB00C4B509 /* RefreshTopView.h */,
				5CE2A3751A3FE1AB00C4B509 /* RefreshTopView.m */,
				5CE2A3761A3FE1AB00C4B509 /* RefreshViewDelegate.h */,
			);
			path = RefreshView;
			sourceTree = "<group>";
		};
/* End PBXGroup section */

/* Begin PBXNativeTarget section */
		5C2A9A021A07105900AD13F3 /* PullRefreshControl */ = {
			isa = PBXNativeTarget;
			buildConfigurationList = 5C2A9A261A07105900AD13F3 /* Build configuration list for PBXNativeTarget "PullRefreshControl" */;
			buildPhases = (
				5C2A99FF1A07105900AD13F3 /* Sources */,
				5C2A9A001A07105900AD13F3 /* Frameworks */,
				5C2A9A011A07105900AD13F3 /* Resources */,
			);
			buildRules = (
			);
			dependencies = (
			);
			name = PullRefreshControl;
			productName = PullRefreshControl;
			productReference = 5C2A9A031A07105900AD13F3 /* PullRefreshControl.app */;
			productType = "com.apple.product-type.application";
		};
/* End PBXNativeTarget section */

/* Begin PBXProject section */
		5C2A99FB1A07105900AD13F3 /* Project object */ = {
			isa = PBXProject;
			attributes = {
				LastUpgradeCheck = 0610;
				ORGANIZATIONNAME = YDJ;
				TargetAttributes = {
					5C2A9A021A07105900AD13F3 = {
						CreatedOnToolsVersion = 6.1;
					};
				};
			};
			buildConfigurationList = 5C2A99FE1A07105900AD13F3 /* Build configuration list for PBXProject "PullRefreshControl" */;
			compatibilityVersion = "Xcode 3.2";
			developmentRegion = English;
			hasScannedForEncodings = 0;
			knownRegions = (
				en,
			);
			mainGroup = 5C2A99FA1A07105900AD13F3;
			productRefGroup = 5C2A9A041A07105900AD13F3 /* Products */;
			projectDirPath = "";
			projectRoot = "";
			targets = (
				5C2A9A021A07105900AD13F3 /* PullRefreshControl */,
			);
		};
/* End PBXProject section */

/* Begin PBXResourcesBuildPhase section */
		5C2A9A011A07105900AD13F3 /* Resources */ = {
			isa = PBXResourcesBuildPhase;
			buildActionMask = 2147483647;
			files = (
				5C2A9A121A07105900AD13F3 /* Main.storyboard in Resources */,
				5C6266541A1E3BA6006608B3 /* pull_loading@3x.png in Resources */,
				5C2A9A141A07105900AD13F3 /* Images.xcassets in Resources */,
				5C6FCF7E1A1C4ADD00569D94 /* pull_loading@2x.png in Resources */,
				5CE2A3791A3FE1AB00C4B509 /* pull_refresh@3x.png in Resources */,
				5C19D81F1A09BB9A009A7E13 /* InfoPlist.strings in Resources */,
				5CE2A3781A3FE1AB00C4B509 /* pull_refresh@2x.png in Resources */,
			);
			runOnlyForDeploymentPostprocessing = 0;
		};
/* End PBXResourcesBuildPhase section */

/* Begin PBXSourcesBuildPhase section */
		5C2A99FF1A07105900AD13F3 /* Sources */ = {
			isa = PBXSourcesBuildPhase;
			buildActionMask = 2147483647;
			files = (
				5C6FCF7F1A1C4ADD00569D94 /* RefreshView.m in Sources */,
				5C2A9A0F1A07105900AD13F3 /* ViewController.m in Sources */,
				5CE2A37B1A3FE1AB00C4B509 /* RefreshTopView.m in Sources */,
				5C88CFF71A2C185B00BAA8E1 /* WebViewViewController.m in Sources */,
				5CE2A3771A3FE1AB00C4B509 /* RefreshControl.m in Sources */,
				5CC52FDF1A0B0D48000E7E12 /* TableViewController.m in Sources */,
				5C2A9A0C1A07105900AD13F3 /* AppDelegate.m in Sources */,
				5C2A9A091A07105900AD13F3 /* main.m in Sources */,
				5C3A5ABB1A08C70F00871916 /* CollectionViewController.m in Sources */,
				5CE2A37A1A3FE1AB00C4B509 /* RefreshBottomView.m in Sources */,
				5CDE77161B2688FD009F63C2 /* SearchViewController.m in Sources */,
				5CFD28A81B25AE01007BCD60 /* SearchTableViewController.m in Sources */,
			);
			runOnlyForDeploymentPostprocessing = 0;
		};
/* End PBXSourcesBuildPhase section */

/* Begin PBXVariantGroup section */
		5C19D8211A09BB9A009A7E13 /* InfoPlist.strings */ = {
			isa = PBXVariantGroup;
			children = (
				5C19D8221A09BB9C009A7E13 /* en */,
			);
			name = InfoPlist.strings;
			sourceTree = "<group>";
		};
		5C2A9A101A07105900AD13F3 /* Main.storyboard */ = {
			isa = PBXVariantGroup;
			children = (
				5C485C0E1A09CD5500B3E089 /* en */,
			);
			name = Main.storyboard;
			sourceTree = "<group>";
		};
/* End PBXVariantGroup section */

/* Begin XCBuildConfiguration section */
		5C2A9A241A07105900AD13F3 /* Debug */ = {
			isa = XCBuildConfiguration;
			buildSettings = {
				ALWAYS_SEARCH_USER_PATHS = NO;
				CLANG_CXX_LANGUAGE_STANDARD = "gnu++0x";
				CLANG_CXX_LIBRARY = "libc++";
				CLANG_ENABLE_MODULES = YES;
				CLANG_ENABLE_OBJC_ARC = YES;
				CLANG_WARN_BOOL_CONVERSION = YES;
				CLANG_WARN_CONSTANT_CONVERSION = YES;
				CLANG_WARN_DIRECT_OBJC_ISA_USAGE = YES_ERROR;
				CLANG_WARN_EMPTY_BODY = YES;
				CLANG_WARN_ENUM_CONVERSION = YES;
				CLANG_WARN_INT_CONVERSION = YES;
				CLANG_WARN_OBJC_ROOT_CLASS = YES_ERROR;
				CLANG_WARN_UNREACHABLE_CODE = YES;
				CLANG_WARN__DUPLICATE_METHOD_MATCH = YES;
				"CODE_SIGN_IDENTITY[sdk=iphoneos*]" = "iPhone Developer";
				COPY_PHASE_STRIP = NO;
				ENABLE_STRICT_OBJC_MSGSEND = YES;
				GCC_C_LANGUAGE_STANDARD = gnu99;
				GCC_DYNAMIC_NO_PIC = NO;
				GCC_OPTIMIZATION_LEVEL = 0;
				GCC_PREPROCESSOR_DEFINITIONS = (
					"DEBUG=1",
					"$(inherited)",
				);
				GCC_SYMBOLS_PRIVATE_EXTERN = NO;
				GCC_WARN_64_TO_32_BIT_CONVERSION = YES;
				GCC_WARN_ABOUT_RETURN_TYPE = YES_ERROR;
				GCC_WARN_UNDECLARED_SELECTOR = YES;
				GCC_WARN_UNINITIALIZED_AUTOS = YES_AGGRESSIVE;
				GCC_WARN_UNUSED_FUNCTION = YES;
				GCC_WARN_UNUSED_VARIABLE = YES;
				IPHONEOS_DEPLOYMENT_TARGET = 7.0;
				MTL_ENABLE_DEBUG_INFO = YES;
				ONLY_ACTIVE_ARCH = YES;
				SDKROOT = iphoneos;
				TARGETED_DEVICE_FAMILY = "1,2";
			};
			name = Debug;
		};
		5C2A9A251A07105900AD13F3 /* Release */ = {
			isa = XCBuildConfiguration;
			buildSettings = {
				ALWAYS_SEARCH_USER_PATHS = NO;
				CLANG_CXX_LANGUAGE_STANDARD = "gnu++0x";
				CLANG_CXX_LIBRARY = "libc++";
				CLANG_ENABLE_MODULES = YES;
				CLANG_ENABLE_OBJC_ARC = YES;
				CLANG_WARN_BOOL_CONVERSION = YES;
				CLANG_WARN_CONSTANT_CONVERSION = YES;
				CLANG_WARN_DIRECT_OBJC_ISA_USAGE = YES_ERROR;
				CLANG_WARN_EMPTY_BODY = YES;
				CLANG_WARN_ENUM_CONVERSION = YES;
				CLANG_WARN_INT_CONVERSION = YES;
				CLANG_WARN_OBJC_ROOT_CLASS = YES_ERROR;
				CLANG_WARN_UNREACHABLE_CODE = YES;
				CLANG_WARN__DUPLICATE_METHOD_MATCH = YES;
				"CODE_SIGN_IDENTITY[sdk=iphoneos*]" = "iPhone Developer";
				COPY_PHASE_STRIP = YES;
				ENABLE_NS_ASSERTIONS = NO;
				ENABLE_STRICT_OBJC_MSGSEND = YES;
				GCC_C_LANGUAGE_STANDARD = gnu99;
				GCC_WARN_64_TO_32_BIT_CONVERSION = YES;
				GCC_WARN_ABOUT_RETURN_TYPE = YES_ERROR;
				GCC_WARN_UNDECLARED_SELECTOR = YES;
				GCC_WARN_UNINITIALIZED_AUTOS = YES_AGGRESSIVE;
				GCC_WARN_UNUSED_FUNCTION = YES;
				GCC_WARN_UNUSED_VARIABLE = YES;
				IPHONEOS_DEPLOYMENT_TARGET = 7.0;
				MTL_ENABLE_DEBUG_INFO = NO;
				SDKROOT = iphoneos;
				TARGETED_DEVICE_FAMILY = "1,2";
				VALIDATE_PRODUCT = YES;
			};
			name = Release;
		};
		5C2A9A271A07105900AD13F3 /* Debug */ = {
			isa = XCBuildConfiguration;
			buildSettings = {
				ASSETCATALOG_COMPILER_APPICON_NAME = AppIcon;
				ASSETCATALOG_COMPILER_LAUNCHIMAGE_NAME = LaunchImage;
				INFOPLIST_FILE = PullRefreshControl/Info.plist;
				LD_RUNPATH_SEARCH_PATHS = "$(inherited) @executable_path/Frameworks";
				PRODUCT_NAME = "$(TARGET_NAME)";
			};
			name = Debug;
		};
		5C2A9A281A07105900AD13F3 /* Release */ = {
			isa = XCBuildConfiguration;
			buildSettings = {
				ASSETCATALOG_COMPILER_APPICON_NAME = AppIcon;
				ASSETCATALOG_COMPILER_LAUNCHIMAGE_NAME = LaunchImage;
				INFOPLIST_FILE = PullRefreshControl/Info.plist;
				LD_RUNPATH_SEARCH_PATHS = "$(inherited) @executable_path/Frameworks";
				PRODUCT_NAME = "$(TARGET_NAME)";
			};
			name = Release;
		};
/* End XCBuildConfiguration section */

/* Begin XCConfigurationList section */
		5C2A99FE1A07105900AD13F3 /* Build configuration list for PBXProject "PullRefreshControl" */ = {
			isa = XCConfigurationList;
			buildConfigurations = (
				5C2A9A241A07105900AD13F3 /* Debug */,
				5C2A9A251A07105900AD13F3 /* Release */,
			);
			defaultConfigurationIsVisible = 0;
			defaultConfigurationName = Release;
		};
		5C2A9A261A07105900AD13F3 /* Build configuration list for PBXNativeTarget "PullRefreshControl" */ = {
			isa = XCConfigurationList;
			buildConfigurations = (
				5C2A9A271A07105900AD13F3 /* Debug */,
				5C2A9A281A07105900AD13F3 /* Release */,
			);
			defaultConfigurationIsVisible = 0;
			defaultConfigurationName = Release;
		};
/* End XCConfigurationList section */
	};
	rootObject = 5C2A99FB1A07105900AD13F3 /* Project object */;
}
